{
    "hash": "2b65eb7c47ab546bc5a0b98221b8b895",
    "packages": [
        {
            "name": "doctrine/common",
            "version": "2.3.x-dev",
            "source": {
                "type": "git",
                "url": "https://github.com/doctrine/common",
                "reference": "bb0aebbf234db52df476a2b473d434745b34221c"
            },
            "dist": {
                "type": "zip",
                "url": "https://github.com/doctrine/common/zipball/bb0aebbf234db52df476a2b473d434745b34221c",
                "reference": "bb0aebbf234db52df476a2b473d434745b34221c",
                "shasum": ""
            },
            "require": {
                "php": ">=5.3.2"
            },
            "time": "1348120518",
            "type": "library",
            "extra": {
                "branch-alias": {
                    "dev-master": "2.3.x-dev"
                }
            },
            "installation-source": "source",
            "autoload": {
                "psr-0": {
                    "Doctrine\\Common": "lib/"
                }
            },
            "license": [
                "MIT"
            ],
            "authors": [
                {
                    "name": "Jonathan Wage",
                    "email": "jonwage@gmail.com",
                    "homepage": "http://www.jwage.com/"
                },
                {
                    "name": "Guilherme Blanco",
                    "email": "guilhermeblanco@gmail.com",
                    "homepage": "http://www.instaclick.com"
                },
                {
                    "name": "Roman Borschel",
                    "email": "roman@code-factory.org"
                },
                {
                    "name": "Benjamin Eberlei",
                    "email": "kontakt@beberlei.de"
                },
                {
                    "name": "Johannes Schmitt",
                    "email": "schmittjoh@gmail.com",
                    "homepage": "https://github.com/schmittjoh",
                    "role": "Developer of wrapped JMSSerializerBundle"
                }
            ],
            "description": "Common Library for Doctrine projects",
            "homepage": "http://www.doctrine-project.org",
            "keywords": [
                "collections",
                "spl",
                "eventmanager",
                "annotations",
                "persistence"
            ]
        },
        {
            "name": "pablodip/molino",
            "version": "dev-master",
            "source": {
                "type": "git",
                "url": "git://github.com/pablodip/molino.git",
                "reference": "d3d4c552403a9b1542f785af59b5683ee7df2a51"
            },
            "dist": {
                "type": "zip",
                "url": "https://github.com/pablodip/molino/zipball/d3d4c552403a9b1542f785af59b5683ee7df2a51",
                "reference": "d3d4c552403a9b1542f785af59b5683ee7df2a51",
                "shasum": ""
            },
            "require": {
                "php": ">=5.3.2"
            },
            "time": "1341931732",
            "type": "library",
            "installation-source": "source",
            "autoload": {
                "psr-0": {
                    "Molino": "src"
                }
            },
            "license": [
                "MIT"
            ],
            "authors": [
                {
                    "name": "Pablo Díez",
                    "email": "pablodip@gmail.com",
                    "homepage": "http://github.com/pablodip"
                }
            ],
            "description": "Small and fast library to make reusable tools persistence backend agnostic.",
            "homepage": "https://github.com/pablodip/molino",
            "keywords": [
                "backend"
            ]
        },
        {
            "name": "symfony/symfony",
            "version": "2.1.x-dev",
            "source": {
                "type": "git",
                "url": "git://github.com/symfony/symfony.git",
                "reference": "1202d9a7386d4245ef48ab89dcd2c97ea9a094e4"
            },
            "dist": {
                "type": "zip",
                "url": "https://github.com/symfony/symfony/zipball/1202d9a7386d4245ef48ab89dcd2c97ea9a094e4",
                "reference": "1202d9a7386d4245ef48ab89dcd2c97ea9a094e4",
                "shasum": ""
            },
            "require": {
                "php": ">=5.3.3",
                "doctrine/common": ">2.2,<2.4-dev",
                "twig/twig": ">=1.9.1,<2.0-dev"
            },
            "replace": {
                "symfony/doctrine-bridge": "self.version",
                "symfony/monolog-bridge": "self.version",
                "symfony/propel1-bridge": "self.version",
                "symfony/swiftmailer-bridge": "self.version",
                "symfony/twig-bridge": "self.version",
                "symfony/framework-bundle": "self.version",
                "symfony/security-bundle": "self.version",
                "symfony/twig-bundle": "self.version",
                "symfony/web-profiler-bundle": "self.version",
                "symfony/browser-kit": "self.version",
                "symfony/class-loader": "self.version",
                "symfony/config": "self.version",
                "symfony/console": "self.version",
                "symfony/css-selector": "self.version",
                "symfony/dependency-injection": "self.version",
                "symfony/dom-crawler": "self.version",
                "symfony/event-dispatcher": "self.version",
                "symfony/filesystem": "self.version",
                "symfony/finder": "self.version",
                "symfony/form": "self.version",
                "symfony/http-foundation": "self.version",
                "symfony/http-kernel": "self.version",
                "symfony/locale": "self.version",
                "symfony/options-resolver": "self.version",
                "symfony/process": "self.version",
                "symfony/routing": "self.version",
                "symfony/security": "self.version",
                "symfony/serializer": "self.version",
                "symfony/templating": "self.version",
                "symfony/translation": "self.version",
                "symfony/validator": "self.version",
                "symfony/yaml": "self.version"
            },
            "require-dev": {
                "doctrine/dbal": ">=2.2,<2.4-dev",
                "doctrine/orm": ">=2.2.3,<2.4-dev",
                "doctrine/data-fixtures": "1.0.*",
                "propel/propel1": "dev-master",
                "monolog/monolog": "dev-master"
            },
            "time": "1349767195",
            "type": "library",
            "extra": {
                "branch-alias": {
                    "dev-master": "2.1-dev"
                }
            },
            "installation-source": "source",
            "autoload": {
                "psr-0": {
                    "Symfony": "src/",
                    "SessionHandlerInterface": "src/Symfony/Component/HttpFoundation/Resources/stubs"
                }
            },
            "license": [
                "MIT"
            ],
            "authors": [
                {
                    "name": "Fabien Potencier",
                    "email": "fabien@symfony.com"
                },
                {
                    "name": "Symfony Community",
                    "homepage": "http://symfony.com/contributors"
                }
            ],
            "description": "The Symfony PHP framework",
            "homepage": "http://symfony.com",
            "keywords": [
                "framework"
            ]
        },
        {
            "name": "twig/twig",
            "version": "dev-master",
            "source": {
                "type": "git",
                "url": "git://github.com/fabpot/Twig.git",
                "reference": "347bc81d6ed8e2bb793236aa9917c7e83f81c2b3"
            },
            "dist": {
                "type": "zip",
                "url": "https://github.com/fabpot/Twig/zipball/347bc81d6ed8e2bb793236aa9917c7e83f81c2b3",
                "reference": "347bc81d6ed8e2bb793236aa9917c7e83f81c2b3",
                "shasum": ""
            },
            "require": {
                "php": ">=5.2.4"
            },
            "time": "1349702400",
            "type": "library",
            "extra": {
                "branch-alias": {
                    "dev-master": "1.10-dev"
                }
            },
            "installation-source": "source",
            "autoload": {
                "psr-0": {
                    "Twig_": "lib/"
                }
            },
            "license": [
                "BSD-3"
            ],
            "authors": [
                {
                    "name": "Fabien Potencier",
                    "email": "fabien@symfony.com"
                },
                {
                    "name": "Armin Ronacher",
                    "email": "armin.ronacher@active-4.com"
                }
            ],
            "description": "Twig, the flexible, fast, and secure template language for PHP",
            "homepage": "http://twig.sensiolabs.org",
            "keywords": [
                "templating"
            ]
        }
    ],
    "packages-dev": [
        {
            "name": "mandango/mandango",
            "version": "dev-master",
            "source": {
                "type": "git",
                "url": "git://github.com/mandango/mandango.git",
                "reference": "4897b64d2e94d34476f5c0afa6af506ce1e9182f"
            },
            "dist": {
                "type": "zip",
                "url": "https://github.com/mandango/mandango/zipball/4897b64d2e94d34476f5c0afa6af506ce1e9182f",
                "reference": "4897b64d2e94d34476f5c0afa6af506ce1e9182f",
                "shasum": ""
            },
            "require": {
                "php": ">=5.3.0",
                "mandango/mondator": "dev-master"
            },
            "time": "1339154613",
            "type": "library",
            "installation-source": "source",
            "autoload": {
                "psr-0": {
                    "Mandango\\": "src/"
                }
            },
            "license": [
                "MIT"
            ],
            "authors": [
                {
                    "name": "Pablo Díez",
                    "email": "pablodip@gmail.com",
                    "homepage": "http://github.com/pablodip"
                }
            ],
            "description": "Simple, poweful and ultrafast Object Document Mapper (ODM) for PHP and MongoDB",
            "homepage": "http://mandango.org",
            "keywords": [
                "mongodb",
                "odm"
            ]
        },
        {
            "name": "mandango/mandango-bundle",
            "version": "dev-master",
            "target-dir": "Mandango/MandangoBundle",
            "source": {
                "type": "git",
                "url": "git://github.com/mandango/MandangoBundle.git",
                "reference": "36e2ff4cc43989abbb3bd2f84cd7909c0f39d5b9"
            },
            "dist": {
                "type": "zip",
                "url": "https://github.com/mandango/MandangoBundle/zipball/36e2ff4cc43989abbb3bd2f84cd7909c0f39d5b9",
                "reference": "36e2ff4cc43989abbb3bd2f84cd7909c0f39d5b9",
                "shasum": ""
            },
            "require": {
                "symfony/framework-bundle": "2.*",
                "mandango/mandango": "dev-master"
            },
            "time": "1347957909",
            "type": "symfony-bundle",
            "installation-source": "source",
            "autoload": {
                "psr-0": {
                    "Mandango\\MandangoBundle": ""
                }
            },
            "license": [
                "MIT"
            ],
            "authors": [
                {
                    "name": "Pablo Díez",
                    "email": "pablodip@gmail.com",
                    "homepage": "http://github.com/pablodip"
                }
            ],
            "description": "Bundle to use Mandango with Symfony2",
            "keywords": [
                "mongodb",
                "mandango"
            ]
        },
        {
            "name": "mandango/mondator",
            "version": "dev-master",
            "source": {
                "type": "git",
                "url": "git://github.com/mandango/mondator.git",
                "reference": "ed3d5aedf152f46ad5e0dcc20056b182f52e227c"
            },
            "dist": {
                "type": "zip",
                "url": "https://github.com/mandango/mondator/zipball/ed3d5aedf152f46ad5e0dcc20056b182f52e227c",
                "reference": "ed3d5aedf152f46ad5e0dcc20056b182f52e227c",
                "shasum": ""
            },
            "require": {
                "php": ">=5.3.0",
                "twig/twig": ">=1.2"
            },
            "time": "1343565529",
            "type": "library",
            "installation-source": "source",
            "autoload": {
                "psr-0": {
                    "Mandango\\Mondator\\": "src/"
                }
            },
            "license": [
                "MIT"
            ],
            "authors": [
                {
                    "name": "Pablo Díez",
                    "email": "pablodip@gmail.com",
                    "homepage": "http://github.com/pablodip"
                }
            ],
            "description": "Easy and flexible class generator for PHP",
            "keywords": [
                "class-generator"
            ]
        }
    ],
    "aliases": [

    ],
    "minimum-stability": "dev",
    "stability-flags": {
        "pablodip/molino": 20,
        "mandango/mandango-bundle": 20
    }
}
